
Microsoft Visual Studio Solution File, Format Version 12.00
# Visual Studio Version 17
VisualStudioVersion = 17.14.36301.6
MinimumVisualStudioVersion = 10.0.40219.1
Project("{FAE04EC0-301F-11D3-BF4B-00C04F79EFBC}") = "SwaggerUnityGenerator", "SwaggerUnityGenerator.csproj", "{0320DF22-9C3A-468A-93CF-B63F50073985}"
EndProject
Global
	GlobalSection(SolutionConfigurationPlatforms) = preSolution
		Debug|Any CPU = Debug|Any CPU
		Release|Any CPU = Release|Any CPU
		Unity|Any CPU = Unity|Any CPU
	EndGlobalSection
	GlobalSection(ProjectConfigurationPlatforms) = postSolution
		{0320DF22-9C3A-468A-93CF-B63F50073985}.Debug|Any CPU.ActiveCfg = Debug|Any CPU
		{0320DF22-9C3A-468A-93CF-B63F50073985}.Debug|Any CPU.Build.0 = Debug|Any CPU
		{0320DF22-9C3A-468A-93CF-B63F50073985}.Release|Any CPU.ActiveCfg = Release|Any CPU
		{0320DF22-9C3A-468A-93CF-B63F50073985}.Release|Any CPU.Build.0 = Release|Any CPU
		{0320DF22-9C3A-468A-93CF-B63F50073985}.Unity|Any CPU.ActiveCfg = Unity|Any CPU
		{0320DF22-9C3A-468A-93CF-B63F50073985}.Unity|Any CPU.Build.0 = Unity|Any CPU
	EndGlobalSection
	GlobalSection(SolutionProperties) = preSolution
		HideSolutionNode = FALSE
	EndGlobalSection
	GlobalSection(ExtensibilityGlobals) = postSolution
		SolutionGuid = {4DBAC8E5-0C8F-4D92-A456-8A83573DE52B}
	EndGlobalSection
EndGlobal
